
Microsoft Visual Studio Solution File, Format Version 12.00
# Visual Studio 2012
Project("{FAE04EC0-301F-11D3-BF4B-00C04F79EFBC}") = "Cources03", "Cources3\Cources03.csproj", "{2BFBEC72-DD63-4708-8501-1F4C3C9933E5}"
EndProject
Global
	GlobalSection(SolutionConfigurationPlatforms) = preSolution
		Debug|Any CPU = Debug|Any CPU
		Release|Any CPU = Release|Any CPU
	EndGlobalSection
	GlobalSection(ProjectConfigurationPlatforms) = postSolution
		{2BFBEC72-DD63-4708-8501-1F4C3C9933E5}.Debug|Any CPU.ActiveCfg = Debug|Any CPU
		{2BFBEC72-DD63-4708-8501-1F4C3C9933E5}.Debug|Any CPU.Build.0 = Debug|Any CPU
		{2BFBEC72-DD63-4708-8501-1F4C3C9933E5}.Release|Any CPU.ActiveCfg = Release|Any CPU
		{2BFBEC72-DD63-4708-8501-1F4C3C9933E5}.Release|Any CPU.Build.0 = Release|Any CPU
	EndGlobalSection
	GlobalSection(SolutionProperties) = preSolution
		HideSolutionNode = FALSE
	EndGlobalSection
EndGlobal
